// !$*UTF8*$!
{
	archiveVersion = 1;
	classes = {
	};
	objectVersion = 46;
	objects = {

/* Begin PBXBuildFile section */
		27FE44EC1BA13DB7002EB04A /* AppDelegate.swift in Sources */ = {isa = PBXBuildFile; fileRef = 27FE44EB1BA13DB7002EB04A /* AppDelegate.swift */; };
		27FE44EF1BA13DB7002EB04A /* Virtual_Tourist.xcdatamodeld in Sources */ = {isa = PBXBuildFile; fileRef = 27FE44ED1BA13DB7002EB04A /* Virtual_Tourist.xcdatamodeld */; };
		27FE44F11BA13DB7002EB04A /* ViewController.swift in Sources */ = {isa = PBXBuildFile; fileRef = 27FE44F01BA13DB7002EB04A /* ViewController.swift */; };
		27FE44F41BA13DB7002EB04A /* Main.storyboard in Resources */ = {isa = PBXBuildFile; fileRef = 27FE44F21BA13DB7002EB04A /* Main.storyboard */; };
		27FE44F61BA13DB7002EB04A /* Images.xcassets in Resources */ = {isa = PBXBuildFile; fileRef = 27FE44F51BA13DB7002EB04A /* Images.xcassets */; };
		27FE44F91BA13DB7002EB04A /* LaunchScreen.xib in Resources */ = {isa = PBXBuildFile; fileRef = 27FE44F71BA13DB7002EB04A /* LaunchScreen.xib */; };
		27FE45051BA13DB7002EB04A /* Virtual_TouristTests.swift in Sources */ = {isa = PBXBuildFile; fileRef = 27FE45041BA13DB7002EB04A /* Virtual_TouristTests.swift */; };
/* End PBXBuildFile section */

/* Begin PBXContainerItemProxy section */
		27FE44FF1BA13DB7002EB04A /* PBXContainerItemProxy */ = {
			isa = PBXContainerItemProxy;
			containerPortal = 27FE44DE1BA13DB7002EB04A /* Project object */;
			proxyType = 1;
			remoteGlobalIDString = 27FE44E51BA13DB7002EB04A;
			remoteInfo = "Virtual Tourist";
		};
/* End PBXContainerItemProxy section */

/* Begin PBXFileReference section */
		27FE44E61BA13DB7002EB04A /* Virtual Tourist.app */ = {isa = PBXFileReference; explicitFileType = wrapper.application; includeInIndex = 0; path = "Virtual Tourist.app"; sourceTree = BUILT_PRODUCTS_DIR; };
		27FE44EA1BA13DB7002EB04A /* Info.plist */ = {isa = PBXFileReference; lastKnownFileType = text.plist.xml; path = Info.plist; sourceTree = "<group>"; };
		27FE44EB1BA13DB7002EB04A /* AppDelegate.swift */ = {isa = PBXFileReference; lastKnownFileType = sourcecode.swift; path = AppDelegate.swift; sourceTree = "<group>"; };
		27FE44EE1BA13DB7002EB04A /* Virtual_Tourist.xcdatamodel */ = {isa = PBXFileReference; lastKnownFileType = wrapper.xcdatamodel; path = Virtual_Tourist.xcdatamodel; sourceTree = "<group>"; };
		27FE44F01BA13DB7002EB04A /* ViewController.swift */ = {isa = PBXFileReference; lastKnownFileType = sourcecode.swift; path = ViewController.swift; sourceTree = "<group>"; };
		27FE44F31BA13DB7002EB04A /* Base */ = {isa = PBXFileReference; lastKnownFileType = file.storyboard; name = Base; path = Base.lproj/Main.storyboard; sourceTree = "<group>"; };
		27FE44F51BA13DB7002EB04A /* Images.xcassets */ = {isa = PBXFileReference; lastKnownFileType = folder.assetcatalog; path = Images.xcassets; sourceTree = "<group>"; };
		27FE44F81BA13DB7002EB04A /* Base */ = {isa = PBXFileReference; lastKnownFileType = file.xib; name = Base; path = Base.lproj/LaunchScreen.xib; sourceTree = "<group>"; };
		27FE44FE1BA13DB7002EB04A /* Virtual TouristTests.xctest */ = {isa = PBXFileReference; explicitFileType = wrapper.cfbundle; includeInIndex = 0; path = "Virtual TouristTests.xctest"; sourceTree = BUILT_PRODUCTS_DIR; };
		27FE45031BA13DB7002EB04A /* Info.plist */ = {isa = PBXFileReference; lastKnownFileType = text.plist.xml; path = Info.plist; sourceTree = "<group>"; };
		27FE45041BA13DB7002EB04A /* Virtual_TouristTests.swift */ = {isa = PBXFileReference; lastKnownFileType = sourcecode.swift; path = Virtual_TouristTests.swift; sourceTree = "<group>"; };
/* End PBXFileReference section */

/* Begin PBXFrameworksBuildPhase section */
		27FE44E31BA13DB7002EB04A /* Frameworks */ = {
			isa = PBXFrameworksBuildPhase;
			buildActionMask = 2147483647;
			files = (
			);
			runOnlyForDeploymentPostprocessing = 0;
		};
		27FE44FB1BA13DB7002EB04A /* Frameworks */ = {
			isa = PBXFrameworksBuildPhase;
			buildActionMask = 2147483647;
			files = (
			);
			runOnlyForDeploymentPostprocessing = 0;
		};
/* End PBXFrameworksBuildPhase section */

/* Begin PBXGroup section */
		27FE44DD1BA13DB7002EB04A = {
			isa = PBXGroup;
			children = (
				27FE44E81BA13DB7002EB04A /* Virtual Tourist */,
				27FE45011BA13DB7002EB04A /* Virtual TouristTests */,
				27FE44E71BA13DB7002EB04A /* Products */,
			);
			sourceTree = "<group>";
		};
		27FE44E71BA13DB7002EB04A /* Products */ = {
			isa = PBXGroup;
			children = (
				27FE44E61BA13DB7002EB04A /* Virtual Tourist.app */,
				27FE44FE1BA13DB7002EB04A /* Virtual TouristTests.xctest */,
			);
			name = Products;
			sourceTree = "<group>";
		};
		27FE44E81BA13DB7002EB04A /* Virtual Tourist */ = {
			isa = PBXGroup;
			children = (
				27FE44EB1BA13DB7002EB04A /* AppDelegate.swift */,
				27FE44F01BA13DB7002EB04A /* ViewController.swift */,
				27FE44F21BA13DB7002EB04A /* Main.storyboard */,
				27FE44F51BA13DB7002EB04A /* Images.xcassets */,
				27FE44F71BA13DB7002EB04A /* LaunchScreen.xib */,
				27FE44ED1BA13DB7002EB04A /* Virtual_Tourist.xcdatamodeld */,
				27FE44E91BA13DB7002EB04A /* Supporting Files */,
			);
			path = "Virtual Tourist";
			sourceTree = "<group>";
		};
		27FE44E91BA13DB7002EB04A /* Supporting Files */ = {
			isa = PBXGroup;
			children = (
				27FE44EA1BA13DB7002EB04A /* Info.plist */,
			);
			name = "Supporting Files";
			sourceTree = "<group>";
		};
		27FE45011BA13DB7002EB04A /* Virtual TouristTests */ = {
			isa = PBXGroup;
			children = (
				27FE45041BA13DB7002EB04A /* Virtual_TouristTests.swift */,
				27FE45021BA13DB7002EB04A /* Supporting Files */,
			);
			path = "Virtual TouristTests";
			sourceTree = "<group>";
		};
		27FE45021BA13DB7002EB04A /* Supporting Files */ = {
			isa = PBXGroup;
			children = (
				27FE45031BA13DB7002EB04A /* Info.plist */,
			);
			name = "Supporting Files";
			sourceTree = "<group>";
		};
/* End PBXGroup section */

/* Begin PBXNativeTarget section */
		27FE44E51BA13DB7002EB04A /* Virtual Tourist */ = {
			isa = PBXNativeTarget;
			buildConfigurationList = 27FE45081BA13DB7002EB04A /* Build configuration list for PBXNativeTarget "Virtual Tourist" */;
			buildPhases = (
				27FE44E21BA13DB7002EB04A /* Sources */,
				27FE44E31BA13DB7002EB04A /* Frameworks */,
				27FE44E41BA13DB7002EB04A /* Resources */,
			);
			buildRules = (
			);
			dependencies = (
			);
			name = "Virtual Tourist";
			productName = "Virtual Tourist";
			productReference = 27FE44E61BA13DB7002EB04A /* Virtual Tourist.app */;
			productType = "com.apple.product-type.application";
		};
		27FE44FD1BA13DB7002EB04A /* Virtual TouristTests */ = {
			isa = PBXNativeTarget;
			buildConfigurationList = 27FE450B1BA13DB7002EB04A /* Build configuration list for PBXNativeTarget "Virtual TouristTests" */;
			buildPhases = (
				27FE44FA1BA13DB7002EB04A /* Sources */,
				27FE44FB1BA13DB7002EB04A /* Frameworks */,
				27FE44FC1BA13DB7002EB04A /* Resources */,
			);
			buildRules = (
			);
			dependencies = (
				27FE45001BA13DB7002EB04A /* PBXTargetDependency */,
			);
			name = "Virtual TouristTests";
			productName = "Virtual TouristTests";
			productReference = 27FE44FE1BA13DB7002EB04A /* Virtual TouristTests.xctest */;
			productType = "com.apple.product-type.bundle.unit-test";
		};
/* End PBXNativeTarget section */

/* Begin PBXProject section */
		27FE44DE1BA13DB7002EB04A /* Project object */ = {
			isa = PBXProject;
			attributes = {
				LastUpgradeCheck = 0640;
				ORGANIZATIONNAME = "Chris Archibald";
				TargetAttributes = {
					27FE44E51BA13DB7002EB04A = {
						CreatedOnToolsVersion = 6.4;
					};
					27FE44FD1BA13DB7002EB04A = {
						CreatedOnToolsVersion = 6.4;
						TestTargetID = 27FE44E51BA13DB7002EB04A;
					};
				};
			};
			buildConfigurationList = 27FE44E11BA13DB7002EB04A /* Build configuration list for PBXProject "Virtual Tourist" */;
			compatibilityVersion = "Xcode 3.2";
			developmentRegion = English;
			hasScannedForEncodings = 0;
			knownRegions = (
				en,
				Base,
			);
			mainGroup = 27FE44DD1BA13DB7002EB04A;
			productRefGroup = 27FE44E71BA13DB7002EB04A /* Products */;
			projectDirPath = "";
			projectRoot = "";
			targets = (
				27FE44E51BA13DB7002EB04A /* Virtual Tourist */,
				27FE44FD1BA13DB7002EB04A /* Virtual TouristTests */,
			);
		};
/* End PBXProject section */

/* Begin PBXResourcesBuildPhase section */
		27FE44E41BA13DB7002EB04A /* Resources */ = {
			isa = PBXResourcesBuildPhase;
			buildActionMask = 2147483647;
			files = (
				27FE44F41BA13DB7002EB04A /* Main.storyboard in Resources */,
				27FE44F91BA13DB7002EB04A /* LaunchScreen.xib in Resources */,
				27FE44F61BA13DB7002EB04A /* Images.xcassets in Resources */,
			);
			runOnlyForDeploymentPostprocessing = 0;
		};
		27FE44FC1BA13DB7002EB04A /* Resources */ = {
			isa = PBXResourcesBuildPhase;
			buildActionMask = 2147483647;
			files = (
			);
			runOnlyForDeploymentPostprocessing = 0;
		};
/* End PBXResourcesBuildPhase section */

/* Begin PBXSourcesBuildPhase section */
		27FE44E21BA13DB7002EB04A /* Sources */ = {
			isa = PBXSourcesBuildPhase;
			buildActionMask = 2147483647;
			files = (
				27FE44F11BA13DB7002EB04A /* ViewController.swift in Sources */,
				27FE44EF1BA13DB7002EB04A /* Virtual_Tourist.xcdatamodeld in Sources */,
				27FE44EC1BA13DB7002EB04A /* AppDelegate.swift in Sources */,
			);
			runOnlyForDeploymentPostprocessing = 0;
		};
		27FE44FA1BA13DB7002EB04A /* Sources */ = {
			isa = PBXSourcesBuildPhase;
			buildActionMask = 2147483647;
			files = (
				27FE45051BA13DB7002EB04A /* Virtual_TouristTests.swift in Sources */,
			);
			runOnlyForDeploymentPostprocessing = 0;
		};
/* End PBXSourcesBuildPhase section */

/* Begin PBXTargetDependency section */
		27FE45001BA13DB7002EB04A /* PBXTargetDependency */ = {
			isa = PBXTargetDependency;
			target = 27FE44E51BA13DB7002EB04A /* Virtual Tourist */;
			targetProxy = 27FE44FF1BA13DB7002EB04A /* PBXContainerItemProxy */;
		};
/* End PBXTargetDependency section */

/* Begin PBXVariantGroup section */
		27FE44F21BA13DB7002EB04A /* Main.storyboard */ = {
			isa = PBXVariantGroup;
			children = (
				27FE44F31BA13DB7002EB04A /* Base */,
			);
			name = Main.storyboard;
			sourceTree = "<group>";
		};
		27FE44F71BA13DB7002EB04A /* LaunchScreen.xib */ = {
			isa = PBXVariantGroup;
			children = (
				27FE44F81BA13DB7002EB04A /* Base */,
			);
			name = LaunchScreen.xib;
			sourceTree = "<group>";
		};
/* End PBXVariantGroup section */

/* Begin XCBuildConfiguration section */
		27FE45061BA13DB7002EB04A /* Debug */ = {
			isa = XCBuildConfiguration;
			buildSettings = {
				ALWAYS_SEARCH_USER_PATHS = NO;
				CLANG_CXX_LANGUAGE_STANDARD = "gnu++0x";
				CLANG_CXX_LIBRARY = "libc++";
				CLANG_ENABLE_MODULES = YES;
				CLANG_ENABLE_OBJC_ARC = YES;
				CLANG_WARN_BOOL_CONVERSION = YES;
				CLANG_WARN_CONSTANT_CONVERSION = YES;
				CLANG_WARN_DIRECT_OBJC_ISA_USAGE = YES_ERROR;
				CLANG_WARN_EMPTY_BODY = YES;
				CLANG_WARN_ENUM_CONVERSION = YES;
				CLANG_WARN_INT_CONVERSION = YES;
				CLANG_WARN_OBJC_ROOT_CLASS = YES_ERROR;
				CLANG_WARN_UNREACHABLE_CODE = YES;
				CLANG_WARN__DUPLICATE_METHOD_MATCH = YES;
				"CODE_SIGN_IDENTITY[sdk=iphoneos*]" = "iPhone Developer";
				COPY_PHASE_STRIP = NO;
				DEBUG_INFORMATION_FORMAT = "dwarf-with-dsym";
				ENABLE_STRICT_OBJC_MSGSEND = YES;
				GCC_C_LANGUAGE_STANDARD = gnu99;
				GCC_DYNAMIC_NO_PIC = NO;
				GCC_NO_COMMON_BLOCKS = YES;
				GCC_OPTIMIZATION_LEVEL = 0;
				GCC_PREPROCESSOR_DEFINITIONS = (
					"DEBUG=1",
					"$(inherited)",
				);
				GCC_SYMBOLS_PRIVATE_EXTERN = NO;
				GCC_WARN_64_TO_32_BIT_CONVERSION = YES;
				GCC_WARN_ABOUT_RETURN_TYPE = YES_ERROR;
				GCC_WARN_UNDECLARED_SELECTOR = YES;
				GCC_WARN_UNINITIALIZED_AUTOS = YES_AGGRESSIVE;
				GCC_WARN_UNUSED_FUNCTION = YES;
				GCC_WARN_UNUSED_VARIABLE = YES;
				IPHONEOS_DEPLOYMENT_TARGET = 8.4;
				MTL_ENABLE_DEBUG_INFO = YES;
				ONLY_ACTIVE_ARCH = YES;
				SDKROOT = iphoneos;
				SWIFT_OPTIMIZATION_LEVEL = "-Onone";
				TARGETED_DEVICE_FAMILY = "1,2";
			};
			name = Debug;
		};
		27FE45071BA13DB7002EB04A /* Release */ = {
			isa = XCBuildConfiguration;
			buildSettings = {
				ALWAYS_SEARCH_USER_PATHS = NO;
				CLANG_CXX_LANGUAGE_STANDARD = "gnu++0x";
				CLANG_CXX_LIBRARY = "libc++";
				CLANG_ENABLE_MODULES = YES;
				CLANG_ENABLE_OBJC_ARC = YES;
				CLANG_WARN_BOOL_CONVERSION = YES;
				CLANG_WARN_CONSTANT_CONVERSION = YES;
				CLANG_WARN_DIRECT_OBJC_ISA_USAGE = YES_ERROR;
				CLANG_WARN_EMPTY_BODY = YES;
				CLANG_WARN_ENUM_CONVERSION = YES;
				CLANG_WARN_INT_CONVERSION = YES;
				CLANG_WARN_OBJC_ROOT_CLASS = YES_ERROR;
				CLANG_WARN_UNREACHABLE_CODE = YES;
				CLANG_WARN__DUPLICATE_METHOD_MATCH = YES;
				"CODE_SIGN_IDENTITY[sdk=iphoneos*]" = "iPhone Developer";
				COPY_PHASE_STRIP = NO;
				DEBUG_INFORMATION_FORMAT = "dwarf-with-dsym";
				ENABLE_NS_ASSERTIONS = NO;
				ENABLE_STRICT_OBJC_MSGSEND = YES;
				GCC_C_LANGUAGE_STANDARD = gnu99;
				GCC_NO_COMMON_BLOCKS = YES;
				GCC_WARN_64_TO_32_BIT_CONVERSION = YES;
				GCC_WARN_ABOUT_RETURN_TYPE = YES_ERROR;
				GCC_WARN_UNDECLARED_SELECTOR = YES;
				GCC_WARN_UNINITIALIZED_AUTOS = YES_AGGRESSIVE;
				GCC_WARN_UNUSED_FUNCTION = YES;
				GCC_WARN_UNUSED_VARIABLE = YES;
				IPHONEOS_DEPLOYMENT_TARGET = 8.4;
				MTL_ENABLE_DEBUG_INFO = NO;
				SDKROOT = iphoneos;
				TARGETED_DEVICE_FAMILY = "1,2";
				VALIDATE_PRODUCT = YES;
			};
			name = Release;
		};
		27FE45091BA13DB7002EB04A /* Debug */ = {
			isa = XCBuildConfiguration;
			buildSettings = {
				ASSETCATALOG_COMPILER_APPICON_NAME = AppIcon;
				INFOPLIST_FILE = "Virtual Tourist/Info.plist";
				LD_RUNPATH_SEARCH_PATHS = "$(inherited) @executable_path/Frameworks";
				PRODUCT_NAME = "$(TARGET_NAME)";
			};
			name = Debug;
		};
		27FE450A1BA13DB7002EB04A /* Release */ = {
			isa = XCBuildConfiguration;
			buildSettings = {
				ASSETCATALOG_COMPILER_APPICON_NAME = AppIcon;
				INFOPLIST_FILE = "Virtual Tourist/Info.plist";
				LD_RUNPATH_SEARCH_PATHS = "$(inherited) @executable_path/Frameworks";
				PRODUCT_NAME = "$(TARGET_NAME)";
			};
			name = Release;
		};
		27FE450C1BA13DB7002EB04A /* Debug */ = {
			isa = XCBuildConfiguration;
			buildSettings = {
				BUNDLE_LOADER = "$(TEST_HOST)";
				FRAMEWORK_SEARCH_PATHS = (
					"$(SDKROOT)/Developer/Library/Frameworks",
					"$(inherited)",
				);
				GCC_PREPROCESSOR_DEFINITIONS = (
					"DEBUG=1",
					"$(inherited)",
				);
				INFOPLIST_FILE = "Virtual TouristTests/Info.plist";
				LD_RUNPATH_SEARCH_PATHS = "$(inherited) @executable_path/Frameworks @loader_path/Frameworks";
				PRODUCT_NAME = "$(TARGET_NAME)";
				TEST_HOST = "$(BUILT_PRODUCTS_DIR)/Virtual Tourist.app/Virtual Tourist";
			};
			name = Debug;
		};
		27FE450D1BA13DB7002EB04A /* Release */ = {
			isa = XCBuildConfiguration;
			buildSettings = {
				BUNDLE_LOADER = "$(TEST_HOST)";
				FRAMEWORK_SEARCH_PATHS = (
					"$(SDKROOT)/Developer/Library/Frameworks",
					"$(inherited)",
				);
				INFOPLIST_FILE = "Virtual TouristTests/Info.plist";
				LD_RUNPATH_SEARCH_PATHS = "$(inherited) @executable_path/Frameworks @loader_path/Frameworks";
				PRODUCT_NAME = "$(TARGET_NAME)";
				TEST_HOST = "$(BUILT_PRODUCTS_DIR)/Virtual Tourist.app/Virtual Tourist";
			};
			name = Release;
		};
/* End XCBuildConfiguration section */

/* Begin XCConfigurationList section */
		27FE44E11BA13DB7002EB04A /* Build configuration list for PBXProject "Virtual Tourist" */ = {
			isa = XCConfigurationList;
			buildConfigurations = (
				27FE45061BA13DB7002EB04A /* Debug */,
				27FE45071BA13DB7002EB04A /* Release */,
			);
			defaultConfigurationIsVisible = 0;
			defaultConfigurationName = Release;
		};
		27FE45081BA13DB7002EB04A /* Build configuration list for PBXNativeTarget "Virtual Tourist" */ = {
			isa = XCConfigurationList;
			buildConfigurations = (
				27FE45091BA13DB7002EB04A /* Debug */,
				27FE450A1BA13DB7002EB04A /* Release */,
			);
			defaultConfigurationIsVisible = 0;
		};
		27FE450B1BA13DB7002EB04A /* Build configuration list for PBXNativeTarget "Virtual TouristTests" */ = {
			isa = XCConfigurationList;
			buildConfigurations = (
				27FE450C1BA13DB7002EB04A /* Debug */,
				27FE450D1BA13DB7002EB04A /* Release */,
			);
			defaultConfigurationIsVisible = 0;
		};
/* End XCConfigurationList section */

/* Begin XCVersionGroup section */
		27FE44ED1BA13DB7002EB04A /* Virtual_Tourist.xcdatamodeld */ = {
			isa = XCVersionGroup;
			children = (
				27FE44EE1BA13DB7002EB04A /* Virtual_Tourist.xcdatamodel */,
			);
			currentVersion = 27FE44EE1BA13DB7002EB04A /* Virtual_Tourist.xcdatamodel */;
			path = Virtual_Tourist.xcdatamodeld;
			sourceTree = "<group>";
			versionGroupType = wrapper.xcdatamodel;
		};
/* End XCVersionGroup section */
	};
	rootObject = 27FE44DE1BA13DB7002EB04A /* Project object */;
}
